
Microsoft Visual Studio Solution File, Format Version 12.00
# Visual Studio Version 16
VisualStudioVersion = 16.0.30128.74
MinimumVisualStudioVersion = 10.0.40219.1
Project("{FAE04EC0-301F-11D3-BF4B-00C04F79EFBC}") = "POOConcepts", "POOConcepts\POOConcepts.csproj", "{443226F6-8BB3-4421-8EE7-A310F0C9634F}"
EndProject
Global
	GlobalSection(SolutionConfigurationPlatforms) = preSolution
		Debug|Any CPU = Debug|Any CPU
		Release|Any CPU = Release|Any CPU
	EndGlobalSection
	GlobalSection(ProjectConfigurationPlatforms) = postSolution
		{443226F6-8BB3-4421-8EE7-A310F0C9634F}.Debug|Any CPU.ActiveCfg = Debug|Any CPU
		{443226F6-8BB3-4421-8EE7-A310F0C9634F}.Debug|Any CPU.Build.0 = Debug|Any CPU
		{443226F6-8BB3-4421-8EE7-A310F0C9634F}.Release|Any CPU.ActiveCfg = Release|Any CPU
		{443226F6-8BB3-4421-8EE7-A310F0C9634F}.Release|Any CPU.Build.0 = Release|Any CPU
	EndGlobalSection
	GlobalSection(SolutionProperties) = preSolution
		HideSolutionNode = FALSE
	EndGlobalSection
	GlobalSection(ExtensibilityGlobals) = postSolution
		SolutionGuid = {FD87224B-497C-46C4-B553-7D409A1C5D9C}
	EndGlobalSection
EndGlobal
